# THIS IS AN AUTOGENERATED FILE. DO NOT EDIT THIS FILE DIRECTLY.
# yarn lockfile v1


"@babel/parser@^7.16.4":
  version "7.18.4"
  resolved "https://pkgs.d.xiaomi.net:443/artifactory/api/npm/mi-npm/@babel/parser/-/parser-7.18.4.tgz#6774231779dd700e0af29f6ad8d479582d7ce5ef"
  integrity sha1-Z3QjF3ndcA4K8p9q2NR5WC185e8=

"@ctrl/tinycolor@^3.4.1":
  version "3.4.1"
  resolved "https://pkgs.d.xiaomi.net:443/artifactory/api/npm/mi-npm/@ctrl/tinycolor/-/tinycolor-3.4.1.tgz#75b4c27948c81e88ccd3a8902047bcd797f38d32"
  integrity sha1-dbTCeUjIHojM06iQIEe815fzjTI=

"@element-plus/icons-vue@^1.1.4":
  version "1.1.4"
  resolved "https://pkgs.d.xiaomi.net:443/artifactory/api/npm/mi-npm/@element-plus/icons-vue/-/icons-vue-1.1.4.tgz#5d2788ea356f1458068e6d400e724ca5f3d29aca"
  integrity sha1-XSeI6jVvFFgGjm1ADnJMpfPSmso=

"@floating-ui/core@^0.7.2":
  version "0.7.2"
  resolved "https://pkgs.d.xiaomi.net:443/artifactory/api/npm/mi-npm/@floating-ui/core/-/core-0.7.2.tgz#f7af9613d080dc29360e77c970965b79b524d45a"
  integrity sha1-96+WE9CA3Ck2DnfJcJZbebUk1Fo=

"@floating-ui/dom@^0.5.0":
  version "0.5.2"
  resolved "https://pkgs.d.xiaomi.net:443/artifactory/api/npm/mi-npm/@floating-ui/dom/-/dom-0.5.2.tgz#908f3febbfc0d6696d70921616ec194fe07af183"
  integrity sha1-kI8/67/A1mltcJIWFuwZT+B68YM=
  dependencies:
    "@floating-ui/core" "^0.7.2"

"@popperjs/core@npm:@sxzz/popperjs-es@^2.11.7":
  version "2.11.7"
  resolved "https://pkgs.d.xiaomi.net:443/artifactory/api/npm/mi-npm/@sxzz/popperjs-es/-/popperjs-es-2.11.7.tgz#a7f69e3665d3da9b115f9e71671dae1b97e13671"
  integrity sha1-p/aeNmXT2psRX55xZx2uG5fhNnE=

"@types/lodash-es@^4.17.6":
  version "4.17.6"
  resolved "https://pkgs.d.xiaomi.net:443/artifactory/api/npm/mi-npm/@types/lodash-es/-/lodash-es-4.17.6.tgz#c2ed4c8320ffa6f11b43eb89e9eaeec65966a0a0"
  integrity sha1-wu1MgyD/pvEbQ+uJ6eruxllmoKA=
  dependencies:
    "@types/lodash" "*"

"@types/lodash@*", "@types/lodash@^4.14.182":
  version "4.14.182"
  resolved "https://pkgs.d.xiaomi.net:443/artifactory/api/npm/mi-npm/@types/lodash/-/lodash-4.14.182.tgz#05301a4d5e62963227eaafe0ce04dd77c54ea5c2"
  integrity sha1-BTAaTV5iljIn6q/gzgTdd8VOpcI=

"@vitejs/plugin-vue@^2.3.3":
  version "2.3.3"
  resolved "https://pkgs.d.xiaomi.net:443/artifactory/api/npm/mi-npm/@vitejs/plugin-vue/-/plugin-vue-2.3.3.tgz#fbf80cc039b82ac21a1acb0f0478de8f61fbf600"
  integrity sha1-+/gMwDm4KsIaGssPBHjej2H79gA=

"@vue/compiler-core@3.2.36":
  version "3.2.36"
  resolved "https://pkgs.d.xiaomi.net:443/artifactory/api/npm/mi-npm/@vue/compiler-core/-/compiler-core-3.2.36.tgz#2fa44595308c95610602df54dcb69063ba2c8383"
  integrity sha1-L6RFlTCMlWEGAt9U3LaQY7osg4M=
  dependencies:
    "@babel/parser" "^7.16.4"
    "@vue/shared" "3.2.36"
    estree-walker "^2.0.2"
    source-map "^0.6.1"

"@vue/compiler-dom@3.2.36":
  version "3.2.36"
  resolved "https://pkgs.d.xiaomi.net:443/artifactory/api/npm/mi-npm/@vue/compiler-dom/-/compiler-dom-3.2.36.tgz#16d911ff163ed5fc8087a01645bf14bb7f325401"
  integrity sha1-FtkR/xY+1fyAh6AWRb8Uu38yVAE=
  dependencies:
    "@vue/compiler-core" "3.2.36"
    "@vue/shared" "3.2.36"

"@vue/compiler-sfc@3.2.36":
  version "3.2.36"
  resolved "https://pkgs.d.xiaomi.net:443/artifactory/api/npm/mi-npm/@vue/compiler-sfc/-/compiler-sfc-3.2.36.tgz#e5065e7c0e5170ffa750e3c3dd93a29db109d0f2"
  integrity sha1-5QZefA5RcP+nUOPD3ZOinbEJ0PI=
  dependencies:
    "@babel/parser" "^7.16.4"
    "@vue/compiler-core" "3.2.36"
    "@vue/compiler-dom" "3.2.36"
    "@vue/compiler-ssr" "3.2.36"
    "@vue/reactivity-transform" "3.2.36"
    "@vue/shared" "3.2.36"
    estree-walker "^2.0.2"
    magic-string "^0.25.7"
    postcss "^8.1.10"
    source-map "^0.6.1"

"@vue/compiler-ssr@3.2.36":
  version "3.2.36"
  resolved "https://pkgs.d.xiaomi.net:443/artifactory/api/npm/mi-npm/@vue/compiler-ssr/-/compiler-ssr-3.2.36.tgz#314f3a9424db58142c3608f48cbda7aa05fc66cb"
  integrity sha1-MU86lCTbWBQsNgj0jL2nqgX8Zss=
  dependencies:
    "@vue/compiler-dom" "3.2.36"
    "@vue/shared" "3.2.36"

"@vue/devtools-api@^6.0.0":
  version "6.1.4"
  resolved "https://pkgs.d.xiaomi.net:443/artifactory/api/npm/mi-npm/@vue/devtools-api/-/devtools-api-6.1.4.tgz#b4aec2f4b4599e11ba774a50c67fa378c9824e53"
  integrity sha1-tK7C9LRZnhG6d0pQxn+jeMmCTlM=

"@vue/reactivity-transform@3.2.36":
  version "3.2.36"
  resolved "https://pkgs.d.xiaomi.net:443/artifactory/api/npm/mi-npm/@vue/reactivity-transform/-/reactivity-transform-3.2.36.tgz#8426a941b0b09d1b94fc162d4642758183b5d133"
  integrity sha1-hCapQbCwnRuU/BYtRkJ1gYO10TM=
  dependencies:
    "@babel/parser" "^7.16.4"
    "@vue/compiler-core" "3.2.36"
    "@vue/shared" "3.2.36"
    estree-walker "^2.0.2"
    magic-string "^0.25.7"

"@vue/reactivity@3.2.36":
  version "3.2.36"
  resolved "https://pkgs.d.xiaomi.net:443/artifactory/api/npm/mi-npm/@vue/reactivity/-/reactivity-3.2.36.tgz#026b14e716febffe80cd284fd8a2b33378968646"
  integrity sha1-AmsU5xb+v/6AzShP2KKzM3iWhkY=
  dependencies:
    "@vue/shared" "3.2.36"

"@vue/runtime-core@3.2.36":
  version "3.2.36"
  resolved "https://pkgs.d.xiaomi.net:443/artifactory/api/npm/mi-npm/@vue/runtime-core/-/runtime-core-3.2.36.tgz#be5115e665679c26bf3807d2326675dc1d847134"
  integrity sha1-vlEV5mVnnCa/OAfSMmZ13B2EcTQ=
  dependencies:
    "@vue/reactivity" "3.2.36"
    "@vue/shared" "3.2.36"

"@vue/runtime-dom@3.2.36":
  version "3.2.36"
  resolved "https://pkgs.d.xiaomi.net:443/artifactory/api/npm/mi-npm/@vue/runtime-dom/-/runtime-dom-3.2.36.tgz#cd5d403ea23c18ee7c17767103a1b2f8263c54bb"
  integrity sha1-zV1APqI8GO58F3ZxA6Gy+CY8VLs=
  dependencies:
    "@vue/runtime-core" "3.2.36"
    "@vue/shared" "3.2.36"
    csstype "^2.6.8"

"@vue/server-renderer@3.2.36":
  version "3.2.36"
  resolved "https://pkgs.d.xiaomi.net:443/artifactory/api/npm/mi-npm/@vue/server-renderer/-/server-renderer-3.2.36.tgz#1e7c1cf63bd17df7828d04e8c780ee6ca7a9ed7c"
  integrity sha1-Hnwc9jvRffeCjQTox4DubKep7Xw=
  dependencies:
    "@vue/compiler-ssr" "3.2.36"
    "@vue/shared" "3.2.36"

"@vue/shared@3.2.36":
  version "3.2.36"
  resolved "https://pkgs.d.xiaomi.net:443/artifactory/api/npm/mi-npm/@vue/shared/-/shared-3.2.36.tgz#35e11200542cf29068ba787dad57da9bdb82f644"
  integrity sha1-NeESAFQs8pBounh9rVfam9uC9kQ=

"@vueuse/core@^8.5.0":
  version "8.5.0"
  resolved "https://pkgs.d.xiaomi.net:443/artifactory/api/npm/mi-npm/@vueuse/core/-/core-8.5.0.tgz#2b7548e52165c88e1463756c36188e105d806543"
  integrity sha1-K3VI5SFlyI4UY3VsNhiOEF2AZUM=
  dependencies:
    "@vueuse/metadata" "8.5.0"
    "@vueuse/shared" "8.5.0"
    vue-demi "*"

"@vueuse/metadata@8.5.0":
  version "8.5.0"
  resolved "https://pkgs.d.xiaomi.net:443/artifactory/api/npm/mi-npm/@vueuse/metadata/-/metadata-8.5.0.tgz#1aaa3787922cfda0f38243aaa7779366a669b4db"
  integrity sha1-Gqo3h5Is/aDzgkOqp3eTZqZptNs=

"@vueuse/shared@8.5.0":
  version "8.5.0"
  resolved "https://pkgs.d.xiaomi.net:443/artifactory/api/npm/mi-npm/@vueuse/shared/-/shared-8.5.0.tgz#fa01ecd3161933f521dd6428b9ef8015ded1bbd3"
  integrity sha1-+gHs0xYZM/Uh3WQoue+AFd7Ru9M=
  dependencies:
    vue-demi "*"

async-validator@^4.1.1:
  version "4.1.1"
  resolved "https://pkgs.d.xiaomi.net:443/artifactory/api/npm/mi-npm/async-validator/-/async-validator-4.1.1.tgz#3cd1437faa2de64743f7d56649dd904c946a18fe"
  integrity sha1-PNFDf6ot5kdD99VmSd2QTJRqGP4=

async-validator@~1.8.1:
  version "1.8.5"
  resolved "https://pkgs.d.xiaomi.net:443/artifactory/api/npm/mi-npm/async-validator/-/async-validator-1.8.5.tgz#dc3e08ec1fd0dddb67e60842f02c0cd1cec6d7f0"
  integrity sha1-3D4I7B/Q3dtn5ghC8CwM0c7G1/A=
  dependencies:
    babel-runtime "6.x"

babel-helper-vue-jsx-merge-props@^2.0.0:
  version "2.0.3"
  resolved "https://pkgs.d.xiaomi.net:443/artifactory/api/npm/mi-npm/babel-helper-vue-jsx-merge-props/-/babel-helper-vue-jsx-merge-props-2.0.3.tgz#22aebd3b33902328e513293a8e4992b384f9f1b6"
  integrity sha1-Iq69OzOQIyjlEyk6jkmSs4T58bY=

babel-runtime@6.x:
  version "6.26.0"
  resolved "https://pkgs.d.xiaomi.net:443/artifactory/api/npm/mi-npm/babel-runtime/-/babel-runtime-6.26.0.tgz#965c7058668e82b55d7bfe04ff2337bc8b5647fe"
  integrity sha1-llxwWGaOgrVde/4E/yM3vItWR/4=
  dependencies:
    core-js "^2.4.0"
    regenerator-runtime "^0.11.0"

core-js@^2.4.0:
  version "2.6.12"
  resolved "https://pkgs.d.xiaomi.net:443/artifactory/api/npm/mi-npm/core-js/-/core-js-2.6.12.tgz#d9333dfa7b065e347cc5682219d6f690859cc2ec"
  integrity sha1-2TM9+nsGXjR8xWgiGdb2kIWcwuw=

csstype@^2.6.8:
  version "2.6.20"
  resolved "https://pkgs.d.xiaomi.net:443/artifactory/api/npm/mi-npm/csstype/-/csstype-2.6.20.tgz#9229c65ea0b260cf4d3d997cb06288e36a8d6dda"
  integrity sha1-kinGXqCyYM9NPZl8sGKI42qNbdo=

dayjs@^1.11.2:
  version "1.11.2"
  resolved "https://pkgs.d.xiaomi.net:443/artifactory/api/npm/mi-npm/dayjs/-/dayjs-1.11.2.tgz#fa0f5223ef0d6724b3d8327134890cfe3d72fbe5"
  integrity sha1-+g9SI+8NZySz2DJxNIkM/j1y++U=

deepmerge@^1.2.0:
  version "1.5.2"
  resolved "https://pkgs.d.xiaomi.net:443/artifactory/api/npm/mi-npm/deepmerge/-/deepmerge-1.5.2.tgz#10499d868844cdad4fee0842df8c7f6f0c95a753"
  integrity sha1-EEmdhohEza1P7ghC34x/bwyVp1M=

element-plus@^2.2.2:
  version "2.2.2"
  resolved "https://pkgs.d.xiaomi.net:443/artifactory/api/npm/mi-npm/element-plus/-/element-plus-2.2.2.tgz#464ae28a0bd904aae3dc53e84eace94866acbb27"
  integrity sha1-RkriigvZBKrj3FPoTqzpSGasuyc=
  dependencies:
    "@ctrl/tinycolor" "^3.4.1"
    "@element-plus/icons-vue" "^1.1.4"
    "@floating-ui/dom" "^0.5.0"
    "@popperjs/core" "npm:@sxzz/popperjs-es@^2.11.7"
    "@types/lodash" "^4.14.182"
    "@types/lodash-es" "^4.17.6"
    "@vueuse/core" "^8.5.0"
    async-validator "^4.1.1"
    dayjs "^1.11.2"
    escape-html "^1.0.3"
    lodash "^4.17.21"
    lodash-es "^4.17.21"
    lodash-unified "^1.0.2"
    memoize-one "^6.0.0"
    normalize-wheel-es "^1.1.2"

element-ui@^2.15.8:
  version "2.15.8"
  resolved "https://pkgs.d.xiaomi.net:443/artifactory/api/npm/mi-npm/element-ui/-/element-ui-2.15.8.tgz#2f505a3de33c52df1fc69be739844c1b774cfcdc"
  integrity sha1-L1BaPeM8Ut8fxpvnOYRMG3dM/Nw=
  dependencies:
    async-validator "~1.8.1"
    babel-helper-vue-jsx-merge-props "^2.0.0"
    deepmerge "^1.2.0"
    normalize-wheel "^1.0.1"
    resize-observer-polyfill "^1.5.0"
    throttle-debounce "^1.0.1"

esbuild-android-64@0.14.42:
  version "0.14.42"
  resolved "https://pkgs.d.xiaomi.net:443/artifactory/api/npm/mi-npm/esbuild-android-64/-/esbuild-android-64-0.14.42.tgz#d7ab3d44d3671218d22bce52f65642b12908d954"
  integrity sha1-16s9RNNnEhjSK85S9lZCsSkI2VQ=

esbuild-android-arm64@0.14.42:
  version "0.14.42"
  resolved "https://pkgs.d.xiaomi.net:443/artifactory/api/npm/mi-npm/esbuild-android-arm64/-/esbuild-android-arm64-0.14.42.tgz#45336d8bec49abddb3a022996a23373f45a57c27"
  integrity sha1-RTNti+xJq92zoCKZaiM3P0WlfCc=

esbuild-darwin-64@0.14.42:
  version "0.14.42"
  resolved "https://pkgs.d.xiaomi.net:443/artifactory/api/npm/mi-npm/esbuild-darwin-64/-/esbuild-darwin-64-0.14.42.tgz#6dff5e44cd70a88c33323e2f5fb598e40c68a9e0"
  integrity sha1-bf9eRM1wqIwzMj4vX7WY5AxoqeA=

esbuild-darwin-arm64@0.14.42:
  version "0.14.42"
  resolved "https://pkgs.d.xiaomi.net:443/artifactory/api/npm/mi-npm/esbuild-darwin-arm64/-/esbuild-darwin-arm64-0.14.42.tgz#2c7313e1b12d2fa5b889c03213d682fb92ca8c4f"
  integrity sha1-LHMT4bEtL6W4icAyE9aC+5LKjE8=

esbuild-freebsd-64@0.14.42:
  version "0.14.42"
  resolved "https://pkgs.d.xiaomi.net:443/artifactory/api/npm/mi-npm/esbuild-freebsd-64/-/esbuild-freebsd-64-0.14.42.tgz#ad1c5a564a7e473b8ce95ee7f76618d05d6daffc"
  integrity sha1-rRxaVkp+RzuM6V7n92YY0F1tr/w=

esbuild-freebsd-arm64@0.14.42:
  version "0.14.42"
  resolved "https://pkgs.d.xiaomi.net:443/artifactory/api/npm/mi-npm/esbuild-freebsd-arm64/-/esbuild-freebsd-arm64-0.14.42.tgz#4bdb480234144f944f1930829bace7561135ddc7"
  integrity sha1-S9tIAjQUT5RPGTCCm6znVhE13cc=

esbuild-linux-32@0.14.42:
  version "0.14.42"
  resolved "https://pkgs.d.xiaomi.net:443/artifactory/api/npm/mi-npm/esbuild-linux-32/-/esbuild-linux-32-0.14.42.tgz#ef18fd19f067e9d2b5f677d6b82fa81519f5a8c2"
  integrity sha1-7xj9GfBn6dK19nfWuC+oFRn1qMI=

esbuild-linux-64@0.14.42:
  version "0.14.42"
  resolved "https://pkgs.d.xiaomi.net:443/artifactory/api/npm/mi-npm/esbuild-linux-64/-/esbuild-linux-64-0.14.42.tgz#d84e7333b1c1b22cf8b5b9dbb5dd9b2ecb34b79f"
  integrity sha1-2E5zM7HBsiz4tbnbtd2bLss0t58=

esbuild-linux-arm64@0.14.42:
  version "0.14.42"
  resolved "https://pkgs.d.xiaomi.net:443/artifactory/api/npm/mi-npm/esbuild-linux-arm64/-/esbuild-linux-arm64-0.14.42.tgz#dc19e282f8c4ffbaa470c02a4d171e4ae0180cca"
  integrity sha1-3BnigvjE/7qkcMAqTRceSuAYDMo=

esbuild-linux-arm@0.14.42:
  version "0.14.42"
  resolved "https://pkgs.d.xiaomi.net:443/artifactory/api/npm/mi-npm/esbuild-linux-arm/-/esbuild-linux-arm-0.14.42.tgz#d49870e63e2242b8156bf473f2ee5154226be328"
  integrity sha1-1Jhw5j4iQrgVa/Rz8u5RVCJr4yg=

esbuild-linux-mips64le@0.14.42:
  version "0.14.42"
  resolved "https://pkgs.d.xiaomi.net:443/artifactory/api/npm/mi-npm/esbuild-linux-mips64le/-/esbuild-linux-mips64le-0.14.42.tgz#f4e6ff9bf8a6f175470498826f48d093b054fc22"
  integrity sha1-9Ob/m/im8XVHBJiCb0jQk7BU/CI=

esbuild-linux-ppc64le@0.14.42:
  version "0.14.42"
  resolved "https://pkgs.d.xiaomi.net:443/artifactory/api/npm/mi-npm/esbuild-linux-ppc64le/-/esbuild-linux-ppc64le-0.14.42.tgz#ac9c66fc80ba9f8fda15a4cc08f4e55f6c0aed63"
  integrity sha1-rJxm/IC6n4/aFaTMCPTlX2wK7WM=

esbuild-linux-riscv64@0.14.42:
  version "0.14.42"
  resolved "https://pkgs.d.xiaomi.net:443/artifactory/api/npm/mi-npm/esbuild-linux-riscv64/-/esbuild-linux-riscv64-0.14.42.tgz#21e0ae492a3a9bf4eecbfc916339a66e204256d0"
  integrity sha1-IeCuSSo6m/Tuy/yRYzmmbiBCVtA=

esbuild-linux-s390x@0.14.42:
  version "0.14.42"
  resolved "https://pkgs.d.xiaomi.net:443/artifactory/api/npm/mi-npm/esbuild-linux-s390x/-/esbuild-linux-s390x-0.14.42.tgz#06d40b957250ffd9a2183bfdfc9a03d6fd21b3e8"
  integrity sha1-BtQLlXJQ/9miGDv9/JoD1v0hs+g=

esbuild-netbsd-64@0.14.42:
  version "0.14.42"
  resolved "https://pkgs.d.xiaomi.net:443/artifactory/api/npm/mi-npm/esbuild-netbsd-64/-/esbuild-netbsd-64-0.14.42.tgz#185664f05f10914f14ed43bd9e22b7de584267f7"
  integrity sha1-GFZk8F8QkU8U7UO9niK33lhCZ/c=

esbuild-openbsd-64@0.14.42:
  version "0.14.42"
  resolved "https://pkgs.d.xiaomi.net:443/artifactory/api/npm/mi-npm/esbuild-openbsd-64/-/esbuild-openbsd-64-0.14.42.tgz#c29006f659eb4e55283044bbbd4eb4054fae8839"
  integrity sha1-wpAG9lnrTlUoMES7vU60BU+uiDk=

esbuild-sunos-64@0.14.42:
  version "0.14.42"
  resolved "https://pkgs.d.xiaomi.net:443/artifactory/api/npm/mi-npm/esbuild-sunos-64/-/esbuild-sunos-64-0.14.42.tgz#aa9eec112cd1e7105e7bb37000eca7d460083f8f"
  integrity sha1-qp7sESzR5xBee7NwAOyn1GAIP48=

esbuild-windows-32@0.14.42:
  version "0.14.42"
  resolved "https://pkgs.d.xiaomi.net:443/artifactory/api/npm/mi-npm/esbuild-windows-32/-/esbuild-windows-32-0.14.42.tgz#c3fc450853c61a74dacc5679de301db23b73e61e"
  integrity sha1-w/xFCFPGGnTazFZ53jAdsjtz5h4=

esbuild-windows-64@0.14.42:
  version "0.14.42"
  resolved "https://pkgs.d.xiaomi.net:443/artifactory/api/npm/mi-npm/esbuild-windows-64/-/esbuild-windows-64-0.14.42.tgz#b877aa37ff47d9fcf0ccb1ca6a24b31475a5e555"
  integrity sha1-uHeqN/9H2fzwzLHKaiSzFHWl5VU=

esbuild-windows-arm64@0.14.42:
  version "0.14.42"
  resolved "https://pkgs.d.xiaomi.net:443/artifactory/api/npm/mi-npm/esbuild-windows-arm64/-/esbuild-windows-arm64-0.14.42.tgz#79da8744626f24bc016dc40d016950b5a4a2bac5"
  integrity sha1-edqHRGJvJLwBbcQNAWlQtaSiusU=

esbuild@^0.14.27:
  version "0.14.42"
  resolved "https://pkgs.d.xiaomi.net:443/artifactory/api/npm/mi-npm/esbuild/-/esbuild-0.14.42.tgz#98587df0b024d5f6341b12a1d735a2bff55e1836"
  integrity sha1-mFh98LAk1fY0GxKh1zWiv/VeGDY=
  optionalDependencies:
    esbuild-android-64 "0.14.42"
    esbuild-android-arm64 "0.14.42"
    esbuild-darwin-64 "0.14.42"
    esbuild-darwin-arm64 "0.14.42"
    esbuild-freebsd-64 "0.14.42"
    esbuild-freebsd-arm64 "0.14.42"
    esbuild-linux-32 "0.14.42"
    esbuild-linux-64 "0.14.42"
    esbuild-linux-arm "0.14.42"
    esbuild-linux-arm64 "0.14.42"
    esbuild-linux-mips64le "0.14.42"
    esbuild-linux-ppc64le "0.14.42"
    esbuild-linux-riscv64 "0.14.42"
    esbuild-linux-s390x "0.14.42"
    esbuild-netbsd-64 "0.14.42"
    esbuild-openbsd-64 "0.14.42"
    esbuild-sunos-64 "0.14.42"
    esbuild-windows-32 "0.14.42"
    esbuild-windows-64 "0.14.42"
    esbuild-windows-arm64 "0.14.42"

escape-html@^1.0.3:
  version "1.0.3"
  resolved "https://pkgs.d.xiaomi.net:443/artifactory/api/npm/mi-npm/escape-html/-/escape-html-1.0.3.tgz#0258eae4d3d0c0974de1c169188ef0051d1d1988"
  integrity sha1-Aljq5NPQwJdN4cFpGI7wBR0dGYg=

eslint-config-prettier@^8.5.0:
  version "8.5.0"
  resolved "https://pkgs.d.xiaomi.net:443/artifactory/api/npm/mi-npm/eslint-config-prettier/-/eslint-config-prettier-8.5.0.tgz#5a81680ec934beca02c7b1a61cf8ca34b66feab1"
  integrity sha1-WoFoDsk0vsoCx7GmHPjKNLZv6rE=

eslint-plugin-prettier@^4.0.0:
  version "4.0.0"
  resolved "https://pkgs.d.xiaomi.net:443/artifactory/api/npm/mi-npm/eslint-plugin-prettier/-/eslint-plugin-prettier-4.0.0.tgz#8b99d1e4b8b24a762472b4567992023619cb98e0"
  integrity sha1-i5nR5LiySnYkcrRWeZICNhnLmOA=
  dependencies:
    prettier-linter-helpers "^1.0.0"

estree-walker@^2.0.2:
  version "2.0.2"
  resolved "https://pkgs.d.xiaomi.net:443/artifactory/api/npm/mi-npm/estree-walker/-/estree-walker-2.0.2.tgz#52f010178c2a4c117a7757cfe942adb7d2da4cac"
  integrity sha1-UvAQF4wqTBF6d1fP6UKtt9LaTKw=

fast-diff@^1.1.2:
  version "1.2.0"
  resolved "https://pkgs.d.xiaomi.net:443/artifactory/api/npm/mi-npm/fast-diff/-/fast-diff-1.2.0.tgz#73ee11982d86caaf7959828d519cfe927fac5f03"
  integrity sha1-c+4RmC2Gyq95WYKNUZz+kn+sXwM=

fsevents@~2.3.2:
  version "2.3.2"
  resolved "https://pkgs.d.xiaomi.net:443/artifactory/api/npm/mi-npm/fsevents/-/fsevents-2.3.2.tgz#8a526f78b8fdf4623b709e0b975c52c24c02fd1a"
  integrity sha1-ilJveLj99GI7cJ4Ll1xSwkwC/Ro=

function-bind@^1.1.1:
  version "1.1.1"
  resolved "https://pkgs.d.xiaomi.net:443/artifactory/api/npm/mi-npm/function-bind/-/function-bind-1.1.1.tgz#a56899d3ea3c9bab874bb9773b7c5ede92f4895d"
  integrity sha1-pWiZ0+o8m6uHS7l3O3xe3pL0iV0=

has@^1.0.3:
  version "1.0.3"
  resolved "https://pkgs.d.xiaomi.net:443/artifactory/api/npm/mi-npm/has/-/has-1.0.3.tgz#722d7cbfc1f6aa8241f16dd814e011e1f41e8796"
  integrity sha1-ci18v8H2qoJB8W3YFOAR4fQeh5Y=
  dependencies:
    function-bind "^1.1.1"

is-core-module@^2.8.1:
  version "2.9.0"
  resolved "https://pkgs.d.xiaomi.net:443/artifactory/api/npm/mi-npm/is-core-module/-/is-core-module-2.9.0.tgz#e1c34429cd51c6dd9e09e0799e396e27b19a9c69"
  integrity sha1-4cNEKc1Rxt2eCeB5njluJ7GanGk=
  dependencies:
    has "^1.0.3"

lodash-es@^4.17.21:
  version "4.17.21"
  resolved "https://pkgs.d.xiaomi.net:443/artifactory/api/npm/mi-npm/lodash-es/-/lodash-es-4.17.21.tgz#43e626c46e6591b7750beb2b50117390c609e3ee"
  integrity sha1-Q+YmxG5lkbd1C+srUBFzkMYJ4+4=

lodash-unified@^1.0.2:
  version "1.0.2"
  resolved "https://pkgs.d.xiaomi.net:443/artifactory/api/npm/mi-npm/lodash-unified/-/lodash-unified-1.0.2.tgz#bb2694db3533781e5cce984af60cfaea318b83c1"
  integrity sha1-uyaU2zUzeB5czphK9gz66jGLg8E=

lodash@^4.17.21:
  version "4.17.21"
  resolved "https://pkgs.d.xiaomi.net:443/artifactory/api/npm/mi-npm/lodash/-/lodash-4.17.21.tgz#679591c564c3bffaae8454cf0b3df370c3d6911c"
  integrity sha1-Z5WRxWTDv/quhFTPCz3zcMPWkRw=

magic-string@^0.25.7:
  version "0.25.9"
  resolved "https://pkgs.d.xiaomi.net:443/artifactory/api/npm/mi-npm/magic-string/-/magic-string-0.25.9.tgz#de7f9faf91ef8a1c91d02c2e5314c8277dbcdd1c"
  integrity sha1-3n+fr5HvihyR0CwuUxTIJ3283Rw=
  dependencies:
    sourcemap-codec "^1.4.8"

memoize-one@^6.0.0:
  version "6.0.0"
  resolved "https://pkgs.d.xiaomi.net:443/artifactory/api/npm/mi-npm/memoize-one/-/memoize-one-6.0.0.tgz#b2591b871ed82948aee4727dc6abceeeac8c1045"
  integrity sha1-slkbhx7YKUiu5HJ9xqvO7qyMEEU=

nanoid@^3.3.4:
  version "3.3.4"
  resolved "https://pkgs.d.xiaomi.net:443/artifactory/api/npm/mi-npm/nanoid/-/nanoid-3.3.4.tgz#730b67e3cd09e2deacf03c027c81c9d9dbc5e8ab"
  integrity sha1-cwtn480J4t6s8DwCfIHJ2dvF6Ks=

normalize-wheel-es@^1.1.2:
  version "1.1.2"
  resolved "https://pkgs.d.xiaomi.net:443/artifactory/api/npm/mi-npm/normalize-wheel-es/-/normalize-wheel-es-1.1.2.tgz#285e43676a62d687bf145e33452ea6be435162d0"
  integrity sha1-KF5DZ2pi1oe/FF4zRS6mvkNRYtA=

normalize-wheel@^1.0.1:
  version "1.0.1"
  resolved "https://pkgs.d.xiaomi.net:443/artifactory/api/npm/mi-npm/normalize-wheel/-/normalize-wheel-1.0.1.tgz#aec886affdb045070d856447df62ecf86146ec45"
  integrity sha1-rsiGr/2wRQcNhWRH32Ls+GFG7EU=

path-parse@^1.0.7:
  version "1.0.7"
  resolved "https://pkgs.d.xiaomi.net:443/artifactory/api/npm/mi-npm/path-parse/-/path-parse-1.0.7.tgz#fbc114b60ca42b30d9daf5858e4bd68bbedb6735"
  integrity sha1-+8EUtgykKzDZ2vWFjkvWi77bZzU=

picocolors@^1.0.0:
  version "1.0.0"
  resolved "https://pkgs.d.xiaomi.net:443/artifactory/api/npm/mi-npm/picocolors/-/picocolors-1.0.0.tgz#cb5bdc74ff3f51892236eaf79d68bc44564ab81c"
  integrity sha1-y1vcdP8/UYkiNur3nWi8RFZKuBw=

postcss@^8.1.10, postcss@^8.4.13:
  version "8.4.14"
  resolved "https://pkgs.d.xiaomi.net:443/artifactory/api/npm/mi-npm/postcss/-/postcss-8.4.14.tgz#ee9274d5622b4858c1007a74d76e42e56fd21caf"
  integrity sha1-7pJ01WIrSFjBAHp0125C5W/SHK8=
  dependencies:
    nanoid "^3.3.4"
    picocolors "^1.0.0"
    source-map-js "^1.0.2"

prettier-linter-helpers@^1.0.0:
  version "1.0.0"
  resolved "https://pkgs.d.xiaomi.net:443/artifactory/api/npm/mi-npm/prettier-linter-helpers/-/prettier-linter-helpers-1.0.0.tgz#d23d41fe1375646de2d0104d3454a3008802cf7b"
  integrity sha1-0j1B/hN1ZG3i0BBNNFSjAIgCz3s=
  dependencies:
    fast-diff "^1.1.2"

prettier@2.6.2:
  version "2.6.2"
  resolved "https://pkgs.d.xiaomi.net:443/artifactory/api/npm/mi-npm/prettier/-/prettier-2.6.2.tgz#e26d71a18a74c3d0f0597f55f01fb6c06c206032"
  integrity sha1-4m1xoYp0w9DwWX9V8B+2wGwgYDI=

regenerator-runtime@^0.11.0:
  version "0.11.1"
  resolved "https://pkgs.d.xiaomi.net:443/artifactory/api/npm/mi-npm/regenerator-runtime/-/regenerator-runtime-0.11.1.tgz#be05ad7f9bf7d22e056f9726cee5017fbf19e2e9"
  integrity sha1-vgWtf5v30i4Fb5cmzuUBf78Z4uk=

resize-observer-polyfill@^1.5.0:
  version "1.5.1"
  resolved "https://pkgs.d.xiaomi.net:443/artifactory/api/npm/mi-npm/resize-observer-polyfill/-/resize-observer-polyfill-1.5.1.tgz#0e9020dd3d21024458d4ebd27e23e40269810464"
  integrity sha1-DpAg3T0hAkRY1OvSfiPkAmmBBGQ=

resolve@^1.22.0:
  version "1.22.0"
  resolved "https://pkgs.d.xiaomi.net:443/artifactory/api/npm/mi-npm/resolve/-/resolve-1.22.0.tgz#5e0b8c67c15df57a89bdbabe603a002f21731198"
  integrity sha1-XguMZ8Fd9XqJvbq+YDoALyFzEZg=
  dependencies:
    is-core-module "^2.8.1"
    path-parse "^1.0.7"
    supports-preserve-symlinks-flag "^1.0.0"

rollup@^2.59.0:
  version "2.75.3"
  resolved "https://pkgs.d.xiaomi.net:443/artifactory/api/npm/mi-npm/rollup/-/rollup-2.75.3.tgz#11bd3e8ace526911feea8af17f2a286fbfdb4cf8"
  integrity sha1-Eb0+is5SaRH+6orxfyoob7/bTPg=
  optionalDependencies:
    fsevents "~2.3.2"

source-map-js@^1.0.2:
  version "1.0.2"
  resolved "https://pkgs.d.xiaomi.net:443/artifactory/api/npm/mi-npm/source-map-js/-/source-map-js-1.0.2.tgz#adbc361d9c62df380125e7f161f71c826f1e490c"
  integrity sha1-rbw2HZxi3zgBJefxYfccgm8eSQw=

source-map@^0.6.1:
  version "0.6.1"
  resolved "https://pkgs.d.xiaomi.net:443/artifactory/api/npm/mi-npm/source-map/-/source-map-0.6.1.tgz#74722af32e9614e9c287a8d0bbde48b5e2f1a263"
  integrity sha1-dHIq8y6WFOnCh6jQu95IteLxomM=

sourcemap-codec@^1.4.8:
  version "1.4.8"
  resolved "https://pkgs.d.xiaomi.net:443/artifactory/api/npm/mi-npm/sourcemap-codec/-/sourcemap-codec-1.4.8.tgz#ea804bd94857402e6992d05a38ef1ae35a9ab4c4"
  integrity sha1-6oBL2UhXQC5pktBaOO8a41qatMQ=

supports-preserve-symlinks-flag@^1.0.0:
  version "1.0.0"
  resolved "https://pkgs.d.xiaomi.net:443/artifactory/api/npm/mi-npm/supports-preserve-symlinks-flag/-/supports-preserve-symlinks-flag-1.0.0.tgz#6eda4bd344a3c94aea376d4cc31bc77311039e09"
  integrity sha1-btpL00SjyUrqN21MwxvHcxEDngk=

throttle-debounce@^1.0.1:
  version "1.1.0"
  resolved "https://pkgs.d.xiaomi.net:443/artifactory/api/npm/mi-npm/throttle-debounce/-/throttle-debounce-1.1.0.tgz#51853da37be68a155cb6e827b3514a3c422e89cd"
  integrity sha1-UYU9o3vmihVctugns1FKPEIuic0=

vite@^2.9.9:
  version "2.9.9"
  resolved "https://pkgs.d.xiaomi.net:443/artifactory/api/npm/mi-npm/vite/-/vite-2.9.9.tgz#8b558987db5e60fedec2f4b003b73164cb081c5e"
  integrity sha1-i1WJh9teYP7ewvSwA7cxZMsIHF4=
  dependencies:
    esbuild "^0.14.27"
    postcss "^8.4.13"
    resolve "^1.22.0"
    rollup "^2.59.0"
  optionalDependencies:
    fsevents "~2.3.2"

vue-demi@*:
  version "0.12.5"
  resolved "https://pkgs.d.xiaomi.net:443/artifactory/api/npm/mi-npm/vue-demi/-/vue-demi-0.12.5.tgz#8eeed566a7d86eb090209a11723f887d28aeb2d1"
  integrity sha1-ju7VZqfYbrCQIJoRcj+IfSiustE=

vue-router@4:
  version "4.0.15"
  resolved "https://pkgs.d.xiaomi.net:443/artifactory/api/npm/mi-npm/vue-router/-/vue-router-4.0.15.tgz#b4a0661efe197f8c724e0f233308f8776e2c3667"
  integrity sha1-tKBmHv4Zf4xyTg8jMwj4d24sNmc=
  dependencies:
    "@vue/devtools-api" "^6.0.0"

vue@^3.2.25:
  version "3.2.36"
  resolved "https://pkgs.d.xiaomi.net:443/artifactory/api/npm/mi-npm/vue/-/vue-3.2.36.tgz#8daa996e2ced521708de97d066c7c998e8bc3378"
  integrity sha1-jaqZbiztUhcI3pfQZsfJmOi8M3g=
  dependencies:
    "@vue/compiler-dom" "3.2.36"
    "@vue/compiler-sfc" "3.2.36"
    "@vue/runtime-dom" "3.2.36"
    "@vue/server-renderer" "3.2.36"
    "@vue/shared" "3.2.36"
